PODS:
  - adaptive_platform_ui (0.1.0):
    - Flutter
  - Firebase/Auth (12.19.0):
    - Firebase/CoreOnly
    - FirebaseAuth (~> 12.19.0)
  - Firebase/CoreOnly (12.19.0):
    - FirebaseCore (~> 12.19.0)
  - firebase_auth (6.7.0):
    - Firebase/Auth (= 12.19.0)
    - firebase_core
    - Flutter
  - firebase_core (4.15.0):
    - Firebase/CoreOnly (= 12.19.0)
    - Flutter
  - FirebaseAppCheckInterop (12.19.0)
  - FirebaseAuth (12.19.0):
    - FirebaseAppCheckInterop (~> 12.19.0)
    - FirebaseAuthInterop (~> 12.19.0)
    - FirebaseCore (~> 12.19.0)
    - FirebaseCoreExtension (~> 12.19.0)
    - GoogleUtilities/AppDelegateSwizzler (~> 8.1)
    - GoogleUtilities/Environment (~> 8.1)
    - GTMSessionFetcher/Core (< 6.0, >= 3.4)
    - RecaptchaInterop (~> 101.0)
  - FirebaseAuthInterop (12.19.0)
  - FirebaseCore (12.19.0):
    - FirebaseCoreInternal (~> 12.19.0)
    - GoogleUtilities/Environment (~> 8.1)
    - GoogleUtilities/Logger (~> 8.1)
  - FirebaseCoreExtension (12.19.0):
    - FirebaseCore (~> 12.19.0)
  - FirebaseCoreInternal (12.19.0):
    - "GoogleUtilities/NSData+zlib (~> 8.1)"
  - Flutter (1.0.0)
  - GoogleUtilities/AppDelegateSwizzler (8.1.3):
    - GoogleUtilities/Environment
    - GoogleUtilities/Logger
    - GoogleUtilities/Network
    - GoogleUtilities/Privacy
  - GoogleUtilities/Environment (8.1.3):
    - GoogleUtilities/Privacy
  - GoogleUtilities/Logger (8.1.3):
    - GoogleUtilities/Environment
    - GoogleUtilities/Privacy
  - GoogleUtilities/Network (8.1.3):
    - GoogleUtilities/Logger
    - "GoogleUtilities/NSData+zlib"
    - GoogleUtilities/Privacy
    - GoogleUtilities/Reachability
  - "GoogleUtilities/NSData+zlib (8.1.3)":
    - GoogleUtilities/Privacy
  - GoogleUtilities/Privacy (8.1.3)
  - GoogleUtilities/Reachability (8.1.3):
    - GoogleUtilities/Logger
    - GoogleUtilities/Privacy
  - GTMSessionFetcher/Core (5.3.1)
  - RecaptchaInterop (101.0.0)
  - shared_preferences_foundation (0.0.1):
    - Flutter
    - FlutterMacOS

DEPENDENCIES:
  - adaptive_platform_ui (from `.symlinks/plugins/adaptive_platform_ui/ios`)
  - firebase_auth (from `.symlinks/plugins/firebase_auth/ios`)
  - firebase_core (from `.symlinks/plugins/firebase_core/ios`)
  - Flutter (from `Flutter`)
  - shared_preferences_foundation (from `.symlinks/plugins/shared_preferences_foundation/darwin`)

SPEC REPOS:
  trunk:
    - Firebase
    - FirebaseAppCheckInterop
    - FirebaseAuth
    - FirebaseAuthInterop
    - FirebaseCore
    - FirebaseCoreExtension
    - FirebaseCoreInternal
    - GoogleUtilities
    - GTMSessionFetcher
    - RecaptchaInterop

EXTERNAL SOURCES:
  adaptive_platform_ui:
    :path: ".symlinks/plugins/adaptive_platform_ui/ios"
  firebase_auth:
    :path: ".symlinks/plugins/firebase_auth/ios"
  firebase_core:
    :path: ".symlinks/plugins/firebase_core/ios"
  Flutter:
    :path: Flutter
  shared_preferences_foundation:
    :path: ".symlinks/plugins/shared_preferences_foundation/darwin"

SPEC CHECKSUMS:
  adaptive_platform_ui: cd3c5a2997126f138a1e7f12e8376d3ca3fdbfad
  Firebase: 7ca191e43724142f79fae653547b3382c45413cc
  firebase_auth: 09023e4cff3162bed3375fb2f4f350b07c422206
  firebase_core: 55de508663ceda7d1dc369a32b327a5655019ae2
  FirebaseAppCheckInterop: bd4b791ffaed7ae719304af6369d243ddee5e4a0
  FirebaseAuth: 8c38236f67e5e3dd6aacf3e0c46b3eed31e9c820
  FirebaseAuthInterop: f1ad187a0052276ad49a990538accfdf36fc595d
  FirebaseCore: c990214798d7c568ad436a15ba7da25c7a278c9a
  FirebaseCoreExtension: 201c78d7491a273d61d8afbf491214276a951e6d
  FirebaseCoreInternal: 656b1c2fd5a1c5976183dc54b73deda78fb26ee3
  Flutter: cabc95a1d2626b1b06e7179b784ebcf0c0cde467
  GoogleUtilities: 4e0c2ad9fa0d0d18b5c4df8bf57b461cba35b0bb
  GTMSessionFetcher: a6d2b2aa203485893d4511ff64642dc811f7c09f
  RecaptchaInterop: 11e0b637842dfb48308d242afc3f448062325aba
  shared_preferences_foundation: 7036424c3d8ec98dfe75ff1667cb0cd531ec82bb

PODFILE CHECKSUM: 3acc040a9b2513c4316ff2b24bc32e641de39900

COCOAPODS: 1.16.2
